
Microsoft Visual Studio Solution File, Format Version 12.00
# Visual Studio Version 17
VisualStudioVersion = 17.5.33530.505
MinimumVisualStudioVersion = 10.0.40219.1
Project("{FAE04EC0-301F-11D3-BF4B-00C04F79EFBC}") = "film rezervasyon", "film rezervasyon\film rezervasyon.csproj", "{0F7C0566-A795-44BB-A612-10929CEE3887}"
EndProject
Global
	GlobalSection(SolutionConfigurationPlatforms) = preSolution
		Debug|Any CPU = Debug|Any CPU
		Release|Any CPU = Release|Any CPU
	EndGlobalSection
	GlobalSection(ProjectConfigurationPlatforms) = postSolution
		{0F7C0566-A795-44BB-A612-10929CEE3887}.Debug|Any CPU.ActiveCfg = Debug|Any CPU
		{0F7C0566-A795-44BB-A612-10929CEE3887}.Debug|Any CPU.Build.0 = Debug|Any CPU
		{0F7C0566-A795-44BB-A612-10929CEE3887}.Release|Any CPU.ActiveCfg = Release|Any CPU
		{0F7C0566-A795-44BB-A612-10929CEE3887}.Release|Any CPU.Build.0 = Release|Any CPU
	EndGlobalSection
	GlobalSection(SolutionProperties) = preSolution
		HideSolutionNode = FALSE
	EndGlobalSection
	GlobalSection(ExtensibilityGlobals) = postSolution
		SolutionGuid = {55AAE51A-4433-4B1C-ABE5-0A63579AFE82}
	EndGlobalSection
EndGlobal
